
Microsoft Visual Studio Solution File, Format Version 12.00
# Visual Studio Version 17
VisualStudioVersion = 17.9.34616.47
MinimumVisualStudioVersion = 10.0.40219.1
Project("{FAE04EC0-301F-11D3-BF4B-00C04F79EFBC}") = "contactappApi", "contactappApi\contactappApi.csproj", "{C03EF9E9-4BD6-4805-8383-8E5731F74B44}"
EndProject
Global
	GlobalSection(SolutionConfigurationPlatforms) = preSolution
		Debug|Any CPU = Debug|Any CPU
		Release|Any CPU = Release|Any CPU
	EndGlobalSection
	GlobalSection(ProjectConfigurationPlatforms) = postSolution
		{C03EF9E9-4BD6-4805-8383-8E5731F74B44}.Debug|Any CPU.ActiveCfg = Debug|Any CPU
		{C03EF9E9-4BD6-4805-8383-8E5731F74B44}.Debug|Any CPU.Build.0 = Debug|Any CPU
		{C03EF9E9-4BD6-4805-8383-8E5731F74B44}.Release|Any CPU.ActiveCfg = Release|Any CPU
		{C03EF9E9-4BD6-4805-8383-8E5731F74B44}.Release|Any CPU.Build.0 = Release|Any CPU
	EndGlobalSection
	GlobalSection(SolutionProperties) = preSolution
		HideSolutionNode = FALSE
	EndGlobalSection
	GlobalSection(ExtensibilityGlobals) = postSolution
		SolutionGuid = {924B6515-45A6-4C6C-B050-EB11D5E1A4DC}
	EndGlobalSection
EndGlobal
